
Microsoft Visual Studio Solution File, Format Version 12.00
# Visual Studio Version 17
VisualStudioVersion = 17.11.35312.102
MinimumVisualStudioVersion = 10.0.40219.1
Project("{FAE04EC0-301F-11D3-BF4B-00C04F79EFBC}") = "V48ADOnetAssignment", "V48ADOnetAssignment.csproj", "{98A347A5-2AA5-4E81-BB09-6B6CED783119}"
EndProject
Global
	GlobalSection(SolutionConfigurationPlatforms) = preSolution
		Debug|Any CPU = Debug|Any CPU
		Release|Any CPU = Release|Any CPU
	EndGlobalSection
	GlobalSection(ProjectConfigurationPlatforms) = postSolution
		{98A347A5-2AA5-4E81-BB09-6B6CED783119}.Debug|Any CPU.ActiveCfg = Debug|Any CPU
		{98A347A5-2AA5-4E81-BB09-6B6CED783119}.Debug|Any CPU.Build.0 = Debug|Any CPU
		{98A347A5-2AA5-4E81-BB09-6B6CED783119}.Release|Any CPU.ActiveCfg = Release|Any CPU
		{98A347A5-2AA5-4E81-BB09-6B6CED783119}.Release|Any CPU.Build.0 = Release|Any CPU
	EndGlobalSection
	GlobalSection(SolutionProperties) = preSolution
		HideSolutionNode = FALSE
	EndGlobalSection
	GlobalSection(ExtensibilityGlobals) = postSolution
		SolutionGuid = {D2ED3E9E-B9F7-4423-9E53-9F0BA239ED71}
	EndGlobalSection
EndGlobal
